
Microsoft Visual Studio Solution File, Format Version 12.00
# Visual Studio Version 17
VisualStudioVersion = 17.6.33815.320
MinimumVisualStudioVersion = 10.0.40219.1
Project("{FAE04EC0-301F-11D3-BF4B-00C04F79EFBC}") = "ResearchUnicode", "ResearchUnicode.csproj", "{78CD9998-5686-4FF2-B06F-AA0031032EF6}"
EndProject
Global
	GlobalSection(SolutionConfigurationPlatforms) = preSolution
		Debug|Any CPU = Debug|Any CPU
		Release|Any CPU = Release|Any CPU
	EndGlobalSection
	GlobalSection(ProjectConfigurationPlatforms) = postSolution
		{78CD9998-5686-4FF2-B06F-AA0031032EF6}.Debug|Any CPU.ActiveCfg = Debug|Any CPU
		{78CD9998-5686-4FF2-B06F-AA0031032EF6}.Debug|Any CPU.Build.0 = Debug|Any CPU
		{78CD9998-5686-4FF2-B06F-AA0031032EF6}.Release|Any CPU.ActiveCfg = Release|Any CPU
		{78CD9998-5686-4FF2-B06F-AA0031032EF6}.Release|Any CPU.Build.0 = Release|Any CPU
	EndGlobalSection
	GlobalSection(SolutionProperties) = preSolution
		HideSolutionNode = FALSE
	EndGlobalSection
	GlobalSection(ExtensibilityGlobals) = postSolution
		SolutionGuid = {C8BC3128-3D94-4AD7-8361-2129EA6E27F2}
	EndGlobalSection
EndGlobal
